// !$*UTF8*$!
{
	archiveVersion = 1;
	classes = {
	};
	objectVersion = 46;
	objects = {

/* Begin PBXBuildFile section */
		4F196F551D1FF9580030101A /* ResourceOperationType.swift in Sources */ = {isa = PBXBuildFile; fileRef = 4F196F541D1FF9580030101A /* ResourceOperationType.swift */; };
		4F196F5B1D20022D0030101A /* BundleType.swift in Sources */ = {isa = PBXBuildFile; fileRef = 4F3D69981D1F3EB900E753D6 /* BundleType.swift */; };
		4F196F5D1D207F890030101A /* europe.json in Resources */ = {isa = PBXBuildFile; fileRef = 4F196F5C1D207F890030101A /* europe.json */; };
		4F3CFC081D4013680074B6F5 /* ResourceOperation.swift in Sources */ = {isa = PBXBuildFile; fileRef = 4F6ED78B1D282B4E009EA9E8 /* ResourceOperation.swift */; };
		4F3CFC091D40136C0074B6F5 /* BaseOperation.swift in Sources */ = {isa = PBXBuildFile; fileRef = 4F196F571D2001CC0030101A /* BaseOperation.swift */; };
		4F3CFC0D1D401C3F0074B6F5 /* ResourceOperationTests.swift in Sources */ = {isa = PBXBuildFile; fileRef = 4F3CFC0C1D401C3F0074B6F5 /* ResourceOperationTests.swift */; };
		4F3CFC101D401C770074B6F5 /* MockResource.swift in Sources */ = {isa = PBXBuildFile; fileRef = 4F3CFC0F1D401C770074B6F5 /* MockResource.swift */; };
		4F3CFC121D401CD70074B6F5 /* MockResourceService.swift in Sources */ = {isa = PBXBuildFile; fileRef = 4F3CFC111D401CD60074B6F5 /* MockResourceService.swift */; };
		4F3CFC151D401DE40074B6F5 /* JSONResourceTypeTests.swift in Sources */ = {isa = PBXBuildFile; fileRef = 4F3CFC141D401DE40074B6F5 /* JSONResourceTypeTests.swift */; };
		4F3CFC171D401E0B0074B6F5 /* MockJSONArrayResourceType.swift in Sources */ = {isa = PBXBuildFile; fileRef = 4F3CFC161D401E0B0074B6F5 /* MockJSONArrayResourceType.swift */; };
		4F3CFC191D401E220074B6F5 /* MockObject.swift in Sources */ = {isa = PBXBuildFile; fileRef = 4F3CFC181D401E220074B6F5 /* MockObject.swift */; };
		4F3CFC1B1D401E3E0074B6F5 /* MockJSONDictionaryResourceType.swift in Sources */ = {isa = PBXBuildFile; fileRef = 4F3CFC1A1D401E3E0074B6F5 /* MockJSONDictionaryResourceType.swift */; };
		4F3CFC1D1D401E530074B6F5 /* MockDefaultJSONResourceType.swift in Sources */ = {isa = PBXBuildFile; fileRef = 4F3CFC1C1D401E530074B6F5 /* MockDefaultJSONResourceType.swift */; };
		4F3D693E1D1F36D700E753D6 /* LoadIt.h in Headers */ = {isa = PBXBuildFile; fileRef = 4F3D693D1D1F36D700E753D6 /* LoadIt.h */; settings = {ATTRIBUTES = (Public, ); }; };
		4F3D69451D1F36D800E753D6 /* LoadIt.framework in Frameworks */ = {isa = PBXBuildFile; fileRef = 4F3D693A1D1F36D700E753D6 /* LoadIt.framework */; };
		4F3D694A1D1F36D800E753D6 /* LoadItTests.swift in Sources */ = {isa = PBXBuildFile; fileRef = 4F3D69491D1F36D800E753D6 /* LoadItTests.swift */; };
		4F3D695B1D1F374E00E753D6 /* AppDelegate.swift in Sources */ = {isa = PBXBuildFile; fileRef = 4F3D695A1D1F374E00E753D6 /* AppDelegate.swift */; };
		4F3D695D1D1F374E00E753D6 /* ViewController.swift in Sources */ = {isa = PBXBuildFile; fileRef = 4F3D695C1D1F374E00E753D6 /* ViewController.swift */; };
		4F3D69601D1F374E00E753D6 /* Main.storyboard in Resources */ = {isa = PBXBuildFile; fileRef = 4F3D695E1D1F374E00E753D6 /* Main.storyboard */; };
		4F3D69621D1F374E00E753D6 /* Assets.xcassets in Resources */ = {isa = PBXBuildFile; fileRef = 4F3D69611D1F374E00E753D6 /* Assets.xcassets */; };
		4F3D69651D1F374E00E753D6 /* LaunchScreen.storyboard in Resources */ = {isa = PBXBuildFile; fileRef = 4F3D69631D1F374E00E753D6 /* LaunchScreen.storyboard */; };
		4F3D69781D1F38BB00E753D6 /* City.swift in Sources */ = {isa = PBXBuildFile; fileRef = 4F3D69771D1F38BB00E753D6 /* City.swift */; };
		4F3D697A1D1F39A700E753D6 /* JSONResourceType.swift in Sources */ = {isa = PBXBuildFile; fileRef = 4F3D69791D1F39A700E753D6 /* JSONResourceType.swift */; };
		4F3D697B1D1F39CF00E753D6 /* LoadIt.framework in Frameworks */ = {isa = PBXBuildFile; fileRef = 4F3D693A1D1F36D700E753D6 /* LoadIt.framework */; };
		4F3D697D1D1F3A6F00E753D6 /* Result.swift in Sources */ = {isa = PBXBuildFile; fileRef = 4F3D697C1D1F3A6F00E753D6 /* Result.swift */; };
		4F3D697F1D1F3AB700E753D6 /* URLSessionType.swift in Sources */ = {isa = PBXBuildFile; fileRef = 4F3D697E1D1F3AB700E753D6 /* URLSessionType.swift */; };
		4F3D69811D1F3B0400E753D6 /* DiskJSONResourceType.swift in Sources */ = {isa = PBXBuildFile; fileRef = 4F3D69801D1F3B0400E753D6 /* DiskJSONResourceType.swift */; };
		4F3D69831D1F3B1D00E753D6 /* CitiesResource.swift in Sources */ = {isa = PBXBuildFile; fileRef = 4F3D69821D1F3B1D00E753D6 /* CitiesResource.swift */; };
		4F3D69891D1F3BDB00E753D6 /* NetworkJSONResourceService.swift in Sources */ = {isa = PBXBuildFile; fileRef = 4F3D69881D1F3BDB00E753D6 /* NetworkJSONResourceService.swift */; };
		4F3D698B1D1F3C6E00E753D6 /* NetworkJSONResourceType.swift in Sources */ = {isa = PBXBuildFile; fileRef = 4F3D698A1D1F3C6E00E753D6 /* NetworkJSONResourceType.swift */; };
		4F3D698D1D1F3CB500E753D6 /* DiskJSONService.swift in Sources */ = {isa = PBXBuildFile; fileRef = 4F3D698C1D1F3CB500E753D6 /* DiskJSONService.swift */; };
		4F3D69921D1F3DD800E753D6 /* NSThread+Additions.swift in Sources */ = {isa = PBXBuildFile; fileRef = 4F3D69911D1F3DD800E753D6 /* NSThread+Additions.swift */; };
		4F3D699C1D1F426500E753D6 /* america.json in Resources */ = {isa = PBXBuildFile; fileRef = 4F3D699A1D1F426500E753D6 /* america.json */; };
		4F3D699D1D1F426500E753D6 /* asia.json in Resources */ = {isa = PBXBuildFile; fileRef = 4F3D699B1D1F426500E753D6 /* asia.json */; };
		4F6F43401D280C1F00501353 /* ResourceServiceType.swift in Sources */ = {isa = PBXBuildFile; fileRef = 4F6F433F1D280C1F00501353 /* ResourceServiceType.swift */; };
/* End PBXBuildFile section */

/* Begin PBXContainerItemProxy section */
		4F3D69461D1F36D800E753D6 /* PBXContainerItemProxy */ = {
			isa = PBXContainerItemProxy;
			containerPortal = 4F3D69311D1F36D700E753D6 /* Project object */;
			proxyType = 1;
			remoteGlobalIDString = 4F3D69391D1F36D700E753D6;
			remoteInfo = LoadIt;
		};
/* End PBXContainerItemProxy section */

/* Begin PBXFileReference section */
		4F196F541D1FF9580030101A /* ResourceOperationType.swift */ = {isa = PBXFileReference; fileEncoding = 4; lastKnownFileType = sourcecode.swift; path = ResourceOperationType.swift; sourceTree = "<group>"; };
		4F196F571D2001CC0030101A /* BaseOperation.swift */ = {isa = PBXFileReference; fileEncoding = 4; lastKnownFileType = sourcecode.swift; path = BaseOperation.swift; sourceTree = "<group>"; };
		4F196F5C1D207F890030101A /* europe.json */ = {isa = PBXFileReference; fileEncoding = 4; lastKnownFileType = text.json; path = europe.json; sourceTree = "<group>"; };
		4F3CFC0C1D401C3F0074B6F5 /* ResourceOperationTests.swift */ = {isa = PBXFileReference; fileEncoding = 4; lastKnownFileType = sourcecode.swift; path = ResourceOperationTests.swift; sourceTree = "<group>"; };
		4F3CFC0F1D401C770074B6F5 /* MockResource.swift */ = {isa = PBXFileReference; fileEncoding = 4; lastKnownFileType = sourcecode.swift; path = MockResource.swift; sourceTree = "<group>"; };
		4F3CFC111D401CD60074B6F5 /* MockResourceService.swift */ = {isa = PBXFileReference; fileEncoding = 4; lastKnownFileType = sourcecode.swift; path = MockResourceService.swift; sourceTree = "<group>"; };
		4F3CFC141D401DE40074B6F5 /* JSONResourceTypeTests.swift */ = {isa = PBXFileReference; fileEncoding = 4; lastKnownFileType = sourcecode.swift; path = JSONResourceTypeTests.swift; sourceTree = "<group>"; };
		4F3CFC161D401E0B0074B6F5 /* MockJSONArrayResourceType.swift */ = {isa = PBXFileReference; fileEncoding = 4; lastKnownFileType = sourcecode.swift; path = MockJSONArrayResourceType.swift; sourceTree = "<group>"; };
		4F3CFC181D401E220074B6F5 /* MockObject.swift */ = {isa = PBXFileReference; fileEncoding = 4; lastKnownFileType = sourcecode.swift; path = MockObject.swift; sourceTree = "<group>"; };
		4F3CFC1A1D401E3E0074B6F5 /* MockJSONDictionaryResourceType.swift */ = {isa = PBXFileReference; fileEncoding = 4; lastKnownFileType = sourcecode.swift; path = MockJSONDictionaryResourceType.swift; sourceTree = "<group>"; };
		4F3CFC1C1D401E530074B6F5 /* MockDefaultJSONResourceType.swift */ = {isa = PBXFileReference; fileEncoding = 4; lastKnownFileType = sourcecode.swift; path = MockDefaultJSONResourceType.swift; sourceTree = "<group>"; };
		4F3D693A1D1F36D700E753D6 /* LoadIt.framework */ = {isa = PBXFileReference; explicitFileType = wrapper.framework; includeInIndex = 0; path = LoadIt.framework; sourceTree = BUILT_PRODUCTS_DIR; };
		4F3D693D1D1F36D700E753D6 /* LoadIt.h */ = {isa = PBXFileReference; lastKnownFileType = sourcecode.c.h; path = LoadIt.h; sourceTree = "<group>"; };
		4F3D693F1D1F36D700E753D6 /* Info.plist */ = {isa = PBXFileReference; lastKnownFileType = text.plist.xml; path = Info.plist; sourceTree = "<group>"; };
		4F3D69441D1F36D800E753D6 /* LoadItTests.xctest */ = {isa = PBXFileReference; explicitFileType = wrapper.cfbundle; includeInIndex = 0; path = LoadItTests.xctest; sourceTree = BUILT_PRODUCTS_DIR; };
		4F3D69491D1F36D800E753D6 /* LoadItTests.swift */ = {isa = PBXFileReference; lastKnownFileType = sourcecode.swift; path = LoadItTests.swift; sourceTree = "<group>"; };
		4F3D694B1D1F36D800E753D6 /* Info.plist */ = {isa = PBXFileReference; lastKnownFileType = text.plist.xml; path = Info.plist; sourceTree = "<group>"; };
		4F3D69581D1F374E00E753D6 /* LoadItExample.app */ = {isa = PBXFileReference; explicitFileType = wrapper.application; includeInIndex = 0; path = LoadItExample.app; sourceTree = BUILT_PRODUCTS_DIR; };
		4F3D695A1D1F374E00E753D6 /* AppDelegate.swift */ = {isa = PBXFileReference; lastKnownFileType = sourcecode.swift; path = AppDelegate.swift; sourceTree = "<group>"; };
		4F3D695C1D1F374E00E753D6 /* ViewController.swift */ = {isa = PBXFileReference; lastKnownFileType = sourcecode.swift; path = ViewController.swift; sourceTree = "<group>"; };
		4F3D695F1D1F374E00E753D6 /* Base */ = {isa = PBXFileReference; lastKnownFileType = file.storyboard; name = Base; path = Base.lproj/Main.storyboard; sourceTree = "<group>"; };
		4F3D69611D1F374E00E753D6 /* Assets.xcassets */ = {isa = PBXFileReference; lastKnownFileType = folder.assetcatalog; path = Assets.xcassets; sourceTree = "<group>"; };
		4F3D69641D1F374E00E753D6 /* Base */ = {isa = PBXFileReference; lastKnownFileType = file.storyboard; name = Base; path = Base.lproj/LaunchScreen.storyboard; sourceTree = "<group>"; };
		4F3D69661D1F374E00E753D6 /* Info.plist */ = {isa = PBXFileReference; lastKnownFileType = text.plist.xml; path = Info.plist; sourceTree = "<group>"; };
		4F3D69771D1F38BB00E753D6 /* City.swift */ = {isa = PBXFileReference; fileEncoding = 4; lastKnownFileType = sourcecode.swift; path = City.swift; sourceTree = "<group>"; };
		4F3D69791D1F39A700E753D6 /* JSONResourceType.swift */ = {isa = PBXFileReference; fileEncoding = 4; lastKnownFileType = sourcecode.swift; path = JSONResourceType.swift; sourceTree = "<group>"; };
		4F3D697C1D1F3A6F00E753D6 /* Result.swift */ = {isa = PBXFileReference; fileEncoding = 4; lastKnownFileType = sourcecode.swift; path = Result.swift; sourceTree = "<group>"; };
		4F3D697E1D1F3AB700E753D6 /* URLSessionType.swift */ = {isa = PBXFileReference; fileEncoding = 4; lastKnownFileType = sourcecode.swift; path = URLSessionType.swift; sourceTree = "<group>"; };
		4F3D69801D1F3B0400E753D6 /* DiskJSONResourceType.swift */ = {isa = PBXFileReference; fileEncoding = 4; lastKnownFileType = sourcecode.swift; path = DiskJSONResourceType.swift; sourceTree = "<group>"; };
		4F3D69821D1F3B1D00E753D6 /* CitiesResource.swift */ = {isa = PBXFileReference; fileEncoding = 4; lastKnownFileType = sourcecode.swift; path = CitiesResource.swift; sourceTree = "<group>"; };
		4F3D69881D1F3BDB00E753D6 /* NetworkJSONResourceService.swift */ = {isa = PBXFileReference; fileEncoding = 4; lastKnownFileType = sourcecode.swift; path = NetworkJSONResourceService.swift; sourceTree = "<group>"; };
		4F3D698A1D1F3C6E00E753D6 /* NetworkJSONResourceType.swift */ = {isa = PBXFileReference; fileEncoding = 4; lastKnownFileType = sourcecode.swift; path = NetworkJSONResourceType.swift; sourceTree = "<group>"; };
		4F3D698C1D1F3CB500E753D6 /* DiskJSONService.swift */ = {isa = PBXFileReference; fileEncoding = 4; lastKnownFileType = sourcecode.swift; path = DiskJSONService.swift; sourceTree = "<group>"; };
		4F3D69911D1F3DD800E753D6 /* NSThread+Additions.swift */ = {isa = PBXFileReference; fileEncoding = 4; lastKnownFileType = sourcecode.swift; path = "NSThread+Additions.swift"; sourceTree = "<group>"; };
		4F3D69981D1F3EB900E753D6 /* BundleType.swift */ = {isa = PBXFileReference; fileEncoding = 4; lastKnownFileType = sourcecode.swift; path = BundleType.swift; sourceTree = "<group>"; };
		4F3D699A1D1F426500E753D6 /* america.json */ = {isa = PBXFileReference; fileEncoding = 4; lastKnownFileType = text.json; path = america.json; sourceTree = "<group>"; };
		4F3D699B1D1F426500E753D6 /* asia.json */ = {isa = PBXFileReference; fileEncoding = 4; lastKnownFileType = text.json; path = asia.json; sourceTree = "<group>"; };
		4F6ED78B1D282B4E009EA9E8 /* ResourceOperation.swift */ = {isa = PBXFileReference; fileEncoding = 4; lastKnownFileType = sourcecode.swift; path = ResourceOperation.swift; sourceTree = "<group>"; };
		4F6F433F1D280C1F00501353 /* ResourceServiceType.swift */ = {isa = PBXFileReference; fileEncoding = 4; lastKnownFileType = sourcecode.swift; path = ResourceServiceType.swift; sourceTree = "<group>"; };
/* End PBXFileReference section */

/* Begin PBXFrameworksBuildPhase section */
		4F3D69361D1F36D700E753D6 /* Frameworks */ = {
			isa = PBXFrameworksBuildPhase;
			buildActionMask = 2147483647;
			files = (
			);
			runOnlyForDeploymentPostprocessing = 0;
		};
		4F3D69411D1F36D800E753D6 /* Frameworks */ = {
			isa = PBXFrameworksBuildPhase;
			buildActionMask = 2147483647;
			files = (
				4F3D69451D1F36D800E753D6 /* LoadIt.framework in Frameworks */,
			);
			runOnlyForDeploymentPostprocessing = 0;
		};
		4F3D69551D1F374E00E753D6 /* Frameworks */ = {
			isa = PBXFrameworksBuildPhase;
			buildActionMask = 2147483647;
			files = (
				4F3D697B1D1F39CF00E753D6 /* LoadIt.framework in Frameworks */,
			);
			runOnlyForDeploymentPostprocessing = 0;
		};
/* End PBXFrameworksBuildPhase section */

/* Begin PBXGroup section */
		4F196F591D2001EF0030101A /* Operations */ = {
			isa = PBXGroup;
			children = (
				4F196F571D2001CC0030101A /* BaseOperation.swift */,
				4F6ED78B1D282B4E009EA9E8 /* ResourceOperation.swift */,
			);
			name = Operations;
			path = LoadItExample/Operations;
			sourceTree = SOURCE_ROOT;
		};
		4F196F5A1D2001FD0030101A /* Models */ = {
			isa = PBXGroup;
			children = (
				4F3D69821D1F3B1D00E753D6 /* CitiesResource.swift */,
				4F3D69771D1F38BB00E753D6 /* City.swift */,
			);
			path = Models;
			sourceTree = "<group>";
		};
		4F3CFC0A1D4017E10074B6F5 /* Services */ = {
			isa = PBXGroup;
			children = (
				4F3D69981D1F3EB900E753D6 /* BundleType.swift */,
				4F3D698C1D1F3CB500E753D6 /* DiskJSONService.swift */,
				4F3D69881D1F3BDB00E753D6 /* NetworkJSONResourceService.swift */,
				4F3D697E1D1F3AB700E753D6 /* URLSessionType.swift */,
			);
			name = Services;
			sourceTree = "<group>";
		};
		4F3CFC0B1D401C210074B6F5 /* Operations */ = {
			isa = PBXGroup;
			children = (
				4F3CFC0C1D401C3F0074B6F5 /* ResourceOperationTests.swift */,
			);
			name = Operations;
			sourceTree = "<group>";
		};
		4F3CFC0E1D401C670074B6F5 /* MockResource */ = {
			isa = PBXGroup;
			children = (
				4F3CFC0F1D401C770074B6F5 /* MockResource.swift */,
				4F3CFC111D401CD60074B6F5 /* MockResourceService.swift */,
				4F3CFC161D401E0B0074B6F5 /* MockJSONArrayResourceType.swift */,
				4F3CFC181D401E220074B6F5 /* MockObject.swift */,
				4F3CFC1A1D401E3E0074B6F5 /* MockJSONDictionaryResourceType.swift */,
				4F3CFC1C1D401E530074B6F5 /* MockDefaultJSONResourceType.swift */,
			);
			name = MockResource;
			sourceTree = "<group>";
		};
		4F3CFC131D401DCA0074B6F5 /* Protocols */ = {
			isa = PBXGroup;
			children = (
				4F3CFC141D401DE40074B6F5 /* JSONResourceTypeTests.swift */,
			);
			name = Protocols;
			sourceTree = "<group>";
		};
		4F3D69301D1F36D700E753D6 = {
			isa = PBXGroup;
			children = (
				4F3D693C1D1F36D700E753D6 /* LoadIt */,
				4F3D69591D1F374E00E753D6 /* LoadItExample */,
				4F3D69481D1F36D800E753D6 /* LoadItTests */,
				4F3D693B1D1F36D700E753D6 /* Products */,
			);
			sourceTree = "<group>";
		};
		4F3D693B1D1F36D700E753D6 /* Products */ = {
			isa = PBXGroup;
			children = (
				4F3D693A1D1F36D700E753D6 /* LoadIt.framework */,
				4F3D69441D1F36D800E753D6 /* LoadItTests.xctest */,
				4F3D69581D1F374E00E753D6 /* LoadItExample.app */,
			);
			name = Products;
			sourceTree = "<group>";
		};
		4F3D693C1D1F36D700E753D6 /* LoadIt */ = {
			isa = PBXGroup;
			children = (
				4F196F591D2001EF0030101A /* Operations */,
				4F3D69971D1F3E7C00E753D6 /* Convenience Types */,
				4F3D69961D1F3E6F00E753D6 /* Protocols */,
				4F6F43411D280F2100501353 /* Utilities */,
				4F3D693F1D1F36D700E753D6 /* Info.plist */,
				4F3D693D1D1F36D700E753D6 /* LoadIt.h */,
			);
			path = LoadIt;
			sourceTree = "<group>";
		};
		4F3D69481D1F36D800E753D6 /* LoadItTests */ = {
			isa = PBXGroup;
			children = (
				4F3CFC0E1D401C670074B6F5 /* MockResource */,
				4F3CFC0B1D401C210074B6F5 /* Operations */,
				4F3D694B1D1F36D800E753D6 /* Info.plist */,
				4F3CFC131D401DCA0074B6F5 /* Protocols */,
				4F3D69491D1F36D800E753D6 /* LoadItTests.swift */,
			);
			path = LoadItTests;
			sourceTree = "<group>";
		};
		4F3D69591D1F374E00E753D6 /* LoadItExample */ = {
			isa = PBXGroup;
			children = (
				4F196F5A1D2001FD0030101A /* Models */,
				4F3D695A1D1F374E00E753D6 /* AppDelegate.swift */,
				4F3D69611D1F374E00E753D6 /* Assets.xcassets */,
				4F3D69661D1F374E00E753D6 /* Info.plist */,
				4F3D69631D1F374E00E753D6 /* LaunchScreen.storyboard */,
				4F3D695E1D1F374E00E753D6 /* Main.storyboard */,
				4F3D695C1D1F374E00E753D6 /* ViewController.swift */,
				4F3D699A1D1F426500E753D6 /* america.json */,
				4F3D699B1D1F426500E753D6 /* asia.json */,
				4F196F5C1D207F890030101A /* europe.json */,
			);
			path = LoadItExample;
			sourceTree = "<group>";
		};
		4F3D69951D1F3E6400E753D6 /* Resources Definitions */ = {
			isa = PBXGroup;
			children = (
				4F3D69801D1F3B0400E753D6 /* DiskJSONResourceType.swift */,
				4F3D69791D1F39A700E753D6 /* JSONResourceType.swift */,
				4F3D698A1D1F3C6E00E753D6 /* NetworkJSONResourceType.swift */,
			);
			path = "Resources Definitions";
			sourceTree = "<group>";
		};
		4F3D69961D1F3E6F00E753D6 /* Protocols */ = {
			isa = PBXGroup;
			children = (
				4F3D69951D1F3E6400E753D6 /* Resources Definitions */,
				4F196F541D1FF9580030101A /* ResourceOperationType.swift */,
				4F6F433F1D280C1F00501353 /* ResourceServiceType.swift */,
			);
			path = Protocols;
			sourceTree = "<group>";
		};
		4F3D69971D1F3E7C00E753D6 /* Convenience Types */ = {
			isa = PBXGroup;
			children = (
				4F3CFC0A1D4017E10074B6F5 /* Services */,
				4F3D697C1D1F3A6F00E753D6 /* Result.swift */,
			);
			path = "Convenience Types";
			sourceTree = "<group>";
		};
		4F6F43411D280F2100501353 /* Utilities */ = {
			isa = PBXGroup;
			children = (
				4F3D69911D1F3DD800E753D6 /* NSThread+Additions.swift */,
			);
			path = Utilities;
			sourceTree = "<group>";
		};
/* End PBXGroup section */

/* Begin PBXHeadersBuildPhase section */
		4F3D69371D1F36D700E753D6 /* Headers */ = {
			isa = PBXHeadersBuildPhase;
			buildActionMask = 2147483647;
			files = (
				4F3D693E1D1F36D700E753D6 /* LoadIt.h in Headers */,
			);
			runOnlyForDeploymentPostprocessing = 0;
		};
/* End PBXHeadersBuildPhase section */

/* Begin PBXNativeTarget section */
		4F3D69391D1F36D700E753D6 /* LoadIt */ = {
			isa = PBXNativeTarget;
			buildConfigurationList = 4F3D694E1D1F36D800E753D6 /* Build configuration list for PBXNativeTarget "LoadIt" */;
			buildPhases = (
				4F3D69351D1F36D700E753D6 /* Sources */,
				4F3D69361D1F36D700E753D6 /* Frameworks */,
				4F3D69371D1F36D700E753D6 /* Headers */,
				4F3D69381D1F36D700E753D6 /* Resources */,
			);
			buildRules = (
			);
			dependencies = (
			);
			name = LoadIt;
			productName = LoadIt;
			productReference = 4F3D693A1D1F36D700E753D6 /* LoadIt.framework */;
			productType = "com.apple.product-type.framework";
		};
		4F3D69431D1F36D800E753D6 /* LoadItTests */ = {
			isa = PBXNativeTarget;
			buildConfigurationList = 4F3D69511D1F36D800E753D6 /* Build configuration list for PBXNativeTarget "LoadItTests" */;
			buildPhases = (
				4F3D69401D1F36D800E753D6 /* Sources */,
				4F3D69411D1F36D800E753D6 /* Frameworks */,
				4F3D69421D1F36D800E753D6 /* Resources */,
			);
			buildRules = (
			);
			dependencies = (
				4F3D69471D1F36D800E753D6 /* PBXTargetDependency */,
			);
			name = LoadItTests;
			productName = LoadItTests;
			productReference = 4F3D69441D1F36D800E753D6 /* LoadItTests.xctest */;
			productType = "com.apple.product-type.bundle.unit-test";
		};
		4F3D69571D1F374E00E753D6 /* LoadItExample */ = {
			isa = PBXNativeTarget;
			buildConfigurationList = 4F3D69671D1F374E00E753D6 /* Build configuration list for PBXNativeTarget "LoadItExample" */;
			buildPhases = (
				4F3D69541D1F374E00E753D6 /* Sources */,
				4F3D69551D1F374E00E753D6 /* Frameworks */,
				4F3D69561D1F374E00E753D6 /* Resources */,
			);
			buildRules = (
			);
			dependencies = (
			);
			name = LoadItExample;
			productName = LoadItExample;
			productReference = 4F3D69581D1F374E00E753D6 /* LoadItExample.app */;
			productType = "com.apple.product-type.application";
		};
/* End PBXNativeTarget section */

/* Begin PBXProject section */
		4F3D69311D1F36D700E753D6 /* Project object */ = {
			isa = PBXProject;
			attributes = {
				LastSwiftUpdateCheck = 0730;
				LastUpgradeCheck = 0730;
				ORGANIZATIONNAME = "Luciano Marisi";
				TargetAttributes = {
					4F3D69391D1F36D700E753D6 = {
						CreatedOnToolsVersion = 7.3.1;
					};
					4F3D69431D1F36D800E753D6 = {
						CreatedOnToolsVersion = 7.3.1;
					};
					4F3D69571D1F374E00E753D6 = {
						CreatedOnToolsVersion = 7.3.1;
					};
				};
			};
			buildConfigurationList = 4F3D69341D1F36D700E753D6 /* Build configuration list for PBXProject "LoadIt" */;
			compatibilityVersion = "Xcode 3.2";
			developmentRegion = English;
			hasScannedForEncodings = 0;
			knownRegions = (
				en,
				Base,
			);
			mainGroup = 4F3D69301D1F36D700E753D6;
			productRefGroup = 4F3D693B1D1F36D700E753D6 /* Products */;
			projectDirPath = "";
			projectRoot = "";
			targets = (
				4F3D69571D1F374E00E753D6 /* LoadItExample */,
				4F3D69391D1F36D700E753D6 /* LoadIt */,
				4F3D69431D1F36D800E753D6 /* LoadItTests */,
			);
		};
/* End PBXProject section */

/* Begin PBXResourcesBuildPhase section */
		4F3D69381D1F36D700E753D6 /* Resources */ = {
			isa = PBXResourcesBuildPhase;
			buildActionMask = 2147483647;
			files = (
			);
			runOnlyForDeploymentPostprocessing = 0;
		};
		4F3D69421D1F36D800E753D6 /* Resources */ = {
			isa = PBXResourcesBuildPhase;
			buildActionMask = 2147483647;
			files = (
			);
			runOnlyForDeploymentPostprocessing = 0;
		};
		4F3D69561D1F374E00E753D6 /* Resources */ = {
			isa = PBXResourcesBuildPhase;
			buildActionMask = 2147483647;
			files = (
				4F3D69651D1F374E00E753D6 /* LaunchScreen.storyboard in Resources */,
				4F3D69621D1F374E00E753D6 /* Assets.xcassets in Resources */,
				4F3D699D1D1F426500E753D6 /* asia.json in Resources */,
				4F196F5D1D207F890030101A /* europe.json in Resources */,
				4F3D699C1D1F426500E753D6 /* america.json in Resources */,
				4F3D69601D1F374E00E753D6 /* Main.storyboard in Resources */,
			);
			runOnlyForDeploymentPostprocessing = 0;
		};
/* End PBXResourcesBuildPhase section */

/* Begin PBXSourcesBuildPhase section */
		4F3D69351D1F36D700E753D6 /* Sources */ = {
			isa = PBXSourcesBuildPhase;
			buildActionMask = 2147483647;
			files = (
				4F3D69891D1F3BDB00E753D6 /* NetworkJSONResourceService.swift in Sources */,
				4F196F5B1D20022D0030101A /* BundleType.swift in Sources */,
				4F3D69921D1F3DD800E753D6 /* NSThread+Additions.swift in Sources */,
				4F3D69811D1F3B0400E753D6 /* DiskJSONResourceType.swift in Sources */,
				4F3D697D1D1F3A6F00E753D6 /* Result.swift in Sources */,
				4F3D697A1D1F39A700E753D6 /* JSONResourceType.swift in Sources */,
				4F196F551D1FF9580030101A /* ResourceOperationType.swift in Sources */,
				4F3D698D1D1F3CB500E753D6 /* DiskJSONService.swift in Sources */,
				4F6F43401D280C1F00501353 /* ResourceServiceType.swift in Sources */,
				4F3CFC091D40136C0074B6F5 /* BaseOperation.swift in Sources */,
				4F3D698B1D1F3C6E00E753D6 /* NetworkJSONResourceType.swift in Sources */,
				4F3D697F1D1F3AB700E753D6 /* URLSessionType.swift in Sources */,
				4F3CFC081D4013680074B6F5 /* ResourceOperation.swift in Sources */,
			);
			runOnlyForDeploymentPostprocessing = 0;
		};
		4F3D69401D1F36D800E753D6 /* Sources */ = {
			isa = PBXSourcesBuildPhase;
			buildActionMask = 2147483647;
			files = (
				4F3CFC191D401E220074B6F5 /* MockObject.swift in Sources */,
				4F3CFC1D1D401E530074B6F5 /* MockDefaultJSONResourceType.swift in Sources */,
				4F3D694A1D1F36D800E753D6 /* LoadItTests.swift in Sources */,
				4F3CFC171D401E0B0074B6F5 /* MockJSONArrayResourceType.swift in Sources */,
				4F3CFC1B1D401E3E0074B6F5 /* MockJSONDictionaryResourceType.swift in Sources */,
				4F3CFC151D401DE40074B6F5 /* JSONResourceTypeTests.swift in Sources */,
				4F3CFC0D1D401C3F0074B6F5 /* ResourceOperationTests.swift in Sources */,
				4F3CFC101D401C770074B6F5 /* MockResource.swift in Sources */,
				4F3CFC121D401CD70074B6F5 /* MockResourceService.swift in Sources */,
			);
			runOnlyForDeploymentPostprocessing = 0;
		};
		4F3D69541D1F374E00E753D6 /* Sources */ = {
			isa = PBXSourcesBuildPhase;
			buildActionMask = 2147483647;
			files = (
				4F3D69831D1F3B1D00E753D6 /* CitiesResource.swift in Sources */,
				4F3D695D1D1F374E00E753D6 /* ViewController.swift in Sources */,
				4F3D695B1D1F374E00E753D6 /* AppDelegate.swift in Sources */,
				4F3D69781D1F38BB00E753D6 /* City.swift in Sources */,
			);
			runOnlyForDeploymentPostprocessing = 0;
		};
/* End PBXSourcesBuildPhase section */

/* Begin PBXTargetDependency section */
		4F3D69471D1F36D800E753D6 /* PBXTargetDependency */ = {
			isa = PBXTargetDependency;
			target = 4F3D69391D1F36D700E753D6 /* LoadIt */;
			targetProxy = 4F3D69461D1F36D800E753D6 /* PBXContainerItemProxy */;
		};
/* End PBXTargetDependency section */

/* Begin PBXVariantGroup section */
		4F3D695E1D1F374E00E753D6 /* Main.storyboard */ = {
			isa = PBXVariantGroup;
			children = (
				4F3D695F1D1F374E00E753D6 /* Base */,
			);
			name = Main.storyboard;
			path = .;
			sourceTree = "<group>";
		};
		4F3D69631D1F374E00E753D6 /* LaunchScreen.storyboard */ = {
			isa = PBXVariantGroup;
			children = (
				4F3D69641D1F374E00E753D6 /* Base */,
			);
			name = LaunchScreen.storyboard;
			path = .;
			sourceTree = "<group>";
		};
/* End PBXVariantGroup section */

/* Begin XCBuildConfiguration section */
		4F3D694C1D1F36D800E753D6 /* Debug */ = {
			isa = XCBuildConfiguration;
			buildSettings = {
				ALWAYS_SEARCH_USER_PATHS = NO;
				CLANG_ANALYZER_NONNULL = YES;
				CLANG_CXX_LANGUAGE_STANDARD = "gnu++0x";
				CLANG_CXX_LIBRARY = "libc++";
				CLANG_ENABLE_MODULES = YES;
				CLANG_ENABLE_OBJC_ARC = YES;
				CLANG_WARN_BOOL_CONVERSION = YES;
				CLANG_WARN_CONSTANT_CONVERSION = YES;
				CLANG_WARN_DIRECT_OBJC_ISA_USAGE = YES_ERROR;
				CLANG_WARN_EMPTY_BODY = YES;
				CLANG_WARN_ENUM_CONVERSION = YES;
				CLANG_WARN_INT_CONVERSION = YES;
				CLANG_WARN_OBJC_ROOT_CLASS = YES_ERROR;
				CLANG_WARN_UNREACHABLE_CODE = YES;
				CLANG_WARN__DUPLICATE_METHOD_MATCH = YES;
				"CODE_SIGN_IDENTITY[sdk=iphoneos*]" = "iPhone Developer";
				COPY_PHASE_STRIP = NO;
				CURRENT_PROJECT_VERSION = 1;
				DEBUG_INFORMATION_FORMAT = dwarf;
				ENABLE_STRICT_OBJC_MSGSEND = YES;
				ENABLE_TESTABILITY = YES;
				GCC_C_LANGUAGE_STANDARD = gnu99;
				GCC_DYNAMIC_NO_PIC = NO;
				GCC_NO_COMMON_BLOCKS = YES;
				GCC_OPTIMIZATION_LEVEL = 0;
				GCC_PREPROCESSOR_DEFINITIONS = (
					"DEBUG=1",
					"$(inherited)",
				);
				GCC_WARN_64_TO_32_BIT_CONVERSION = YES;
				GCC_WARN_ABOUT_RETURN_TYPE = YES_ERROR;
				GCC_WARN_UNDECLARED_SELECTOR = YES;
				GCC_WARN_UNINITIALIZED_AUTOS = YES_AGGRESSIVE;
				GCC_WARN_UNUSED_FUNCTION = YES;
				GCC_WARN_UNUSED_VARIABLE = YES;
				IPHONEOS_DEPLOYMENT_TARGET = 9.0;
				MTL_ENABLE_DEBUG_INFO = YES;
				ONLY_ACTIVE_ARCH = YES;
				SDKROOT = iphoneos;
				SWIFT_OPTIMIZATION_LEVEL = "-Onone";
				TARGETED_DEVICE_FAMILY = "1,2";
				VERSIONING_SYSTEM = "apple-generic";
				VERSION_INFO_PREFIX = "";
			};
			name = Debug;
		};
		4F3D694D1D1F36D800E753D6 /* Release */ = {
			isa = XCBuildConfiguration;
			buildSettings = {
				ALWAYS_SEARCH_USER_PATHS = NO;
				CLANG_ANALYZER_NONNULL = YES;
				CLANG_CXX_LANGUAGE_STANDARD = "gnu++0x";
				CLANG_CXX_LIBRARY = "libc++";
				CLANG_ENABLE_MODULES = YES;
				CLANG_ENABLE_OBJC_ARC = YES;
				CLANG_WARN_BOOL_CONVERSION = YES;
				CLANG_WARN_CONSTANT_CONVERSION = YES;
				CLANG_WARN_DIRECT_OBJC_ISA_USAGE = YES_ERROR;
				CLANG_WARN_EMPTY_BODY = YES;
				CLANG_WARN_ENUM_CONVERSION = YES;
				CLANG_WARN_INT_CONVERSION = YES;
				CLANG_WARN_OBJC_ROOT_CLASS = YES_ERROR;
				CLANG_WARN_UNREACHABLE_CODE = YES;
				CLANG_WARN__DUPLICATE_METHOD_MATCH = YES;
				"CODE_SIGN_IDENTITY[sdk=iphoneos*]" = "iPhone Developer";
				COPY_PHASE_STRIP = NO;
				CURRENT_PROJECT_VERSION = 1;
				DEBUG_INFORMATION_FORMAT = "dwarf-with-dsym";
				ENABLE_NS_ASSERTIONS = NO;
				ENABLE_STRICT_OBJC_MSGSEND = YES;
				GCC_C_LANGUAGE_STANDARD = gnu99;
				GCC_NO_COMMON_BLOCKS = YES;
				GCC_WARN_64_TO_32_BIT_CONVERSION = YES;
				GCC_WARN_ABOUT_RETURN_TYPE = YES_ERROR;
				GCC_WARN_UNDECLARED_SELECTOR = YES;
				GCC_WARN_UNINITIALIZED_AUTOS = YES_AGGRESSIVE;
				GCC_WARN_UNUSED_FUNCTION = YES;
				GCC_WARN_UNUSED_VARIABLE = YES;
				IPHONEOS_DEPLOYMENT_TARGET = 9.0;
				MTL_ENABLE_DEBUG_INFO = NO;
				SDKROOT = iphoneos;
				TARGETED_DEVICE_FAMILY = "1,2";
				VALIDATE_PRODUCT = YES;
				VERSIONING_SYSTEM = "apple-generic";
				VERSION_INFO_PREFIX = "";
			};
			name = Release;
		};
		4F3D694F1D1F36D800E753D6 /* Debug */ = {
			isa = XCBuildConfiguration;
			buildSettings = {
				CLANG_ENABLE_MODULES = YES;
				DEFINES_MODULE = YES;
				DYLIB_COMPATIBILITY_VERSION = 1;
				DYLIB_CURRENT_VERSION = 1;
				DYLIB_INSTALL_NAME_BASE = "@rpath";
				INFOPLIST_FILE = LoadIt/Info.plist;
				INSTALL_PATH = "$(LOCAL_LIBRARY_DIR)/Frameworks";
				LD_RUNPATH_SEARCH_PATHS = "$(inherited) @executable_path/Frameworks @loader_path/Frameworks";
				PRODUCT_BUNDLE_IDENTIFIER = com.lucianomarisi.LoadIt;
				PRODUCT_NAME = "$(TARGET_NAME)";
				SKIP_INSTALL = YES;
				SWIFT_OPTIMIZATION_LEVEL = "-Onone";
			};
			name = Debug;
		};
		4F3D69501D1F36D800E753D6 /* Release */ = {
			isa = XCBuildConfiguration;
			buildSettings = {
				CLANG_ENABLE_MODULES = YES;
				DEFINES_MODULE = YES;
				DYLIB_COMPATIBILITY_VERSION = 1;
				DYLIB_CURRENT_VERSION = 1;
				DYLIB_INSTALL_NAME_BASE = "@rpath";
				INFOPLIST_FILE = LoadIt/Info.plist;
				INSTALL_PATH = "$(LOCAL_LIBRARY_DIR)/Frameworks";
				LD_RUNPATH_SEARCH_PATHS = "$(inherited) @executable_path/Frameworks @loader_path/Frameworks";
				PRODUCT_BUNDLE_IDENTIFIER = com.lucianomarisi.LoadIt;
				PRODUCT_NAME = "$(TARGET_NAME)";
				SKIP_INSTALL = YES;
			};
			name = Release;
		};
		4F3D69521D1F36D800E753D6 /* Debug */ = {
			isa = XCBuildConfiguration;
			buildSettings = {
				INFOPLIST_FILE = LoadItTests/Info.plist;
				LD_RUNPATH_SEARCH_PATHS = "$(inherited) @executable_path/Frameworks @loader_path/Frameworks";
				PRODUCT_BUNDLE_IDENTIFIER = com.lucianomarisi.LoadItTests;
				PRODUCT_NAME = "$(TARGET_NAME)";
			};
			name = Debug;
		};
		4F3D69531D1F36D800E753D6 /* Release */ = {
			isa = XCBuildConfiguration;
			buildSettings = {
				INFOPLIST_FILE = LoadItTests/Info.plist;
				LD_RUNPATH_SEARCH_PATHS = "$(inherited) @executable_path/Frameworks @loader_path/Frameworks";
				PRODUCT_BUNDLE_IDENTIFIER = com.lucianomarisi.LoadItTests;
				PRODUCT_NAME = "$(TARGET_NAME)";
			};
			name = Release;
		};
		4F3D69681D1F374E00E753D6 /* Debug */ = {
			isa = XCBuildConfiguration;
			buildSettings = {
				ASSETCATALOG_COMPILER_APPICON_NAME = AppIcon;
				INFOPLIST_FILE = LoadItExample/Info.plist;
				LD_RUNPATH_SEARCH_PATHS = "$(inherited) @executable_path/Frameworks";
				PRODUCT_BUNDLE_IDENTIFIER = com.lucianomarisi.LoadItExample;
				PRODUCT_NAME = "$(TARGET_NAME)";
			};
			name = Debug;
		};
		4F3D69691D1F374E00E753D6 /* Release */ = {
			isa = XCBuildConfiguration;
			buildSettings = {
				ASSETCATALOG_COMPILER_APPICON_NAME = AppIcon;
				INFOPLIST_FILE = LoadItExample/Info.plist;
				LD_RUNPATH_SEARCH_PATHS = "$(inherited) @executable_path/Frameworks";
				PRODUCT_BUNDLE_IDENTIFIER = com.lucianomarisi.LoadItExample;
				PRODUCT_NAME = "$(TARGET_NAME)";
			};
			name = Release;
		};
/* End XCBuildConfiguration section */

/* Begin XCConfigurationList section */
		4F3D69341D1F36D700E753D6 /* Build configuration list for PBXProject "LoadIt" */ = {
			isa = XCConfigurationList;
			buildConfigurations = (
				4F3D694C1D1F36D800E753D6 /* Debug */,
				4F3D694D1D1F36D800E753D6 /* Release */,
			);
			defaultConfigurationIsVisible = 0;
			defaultConfigurationName = Release;
		};
		4F3D694E1D1F36D800E753D6 /* Build configuration list for PBXNativeTarget "LoadIt" */ = {
			isa = XCConfigurationList;
			buildConfigurations = (
				4F3D694F1D1F36D800E753D6 /* Debug */,
				4F3D69501D1F36D800E753D6 /* Release */,
			);
			defaultConfigurationIsVisible = 0;
			defaultConfigurationName = Release;
		};
		4F3D69511D1F36D800E753D6 /* Build configuration list for PBXNativeTarget "LoadItTests" */ = {
			isa = XCConfigurationList;
			buildConfigurations = (
				4F3D69521D1F36D800E753D6 /* Debug */,
				4F3D69531D1F36D800E753D6 /* Release */,
			);
			defaultConfigurationIsVisible = 0;
			defaultConfigurationName = Release;
		};
		4F3D69671D1F374E00E753D6 /* Build configuration list for PBXNativeTarget "LoadItExample" */ = {
			isa = XCConfigurationList;
			buildConfigurations = (
				4F3D69681D1F374E00E753D6 /* Debug */,
				4F3D69691D1F374E00E753D6 /* Release */,
			);
			defaultConfigurationIsVisible = 0;
			defaultConfigurationName = Release;
		};
/* End XCConfigurationList section */
	};
	rootObject = 4F3D69311D1F36D700E753D6 /* Project object */;
}
